
Microsoft Visual Studio Solution File, Format Version 12.00
# Visual Studio Version 17
VisualStudioVersion = 17.0.31903.59
MinimumVisualStudioVersion = 10.0.40219.1
Project("{2150E333-8FDC-42A3-9474-1A3956D46DE8}") = "Deployments", "Deployments", "{D5999C82-03AD-453B-90CE-C3F538365BD1}"
	ProjectSection(SolutionItems) = preProject
		.github\workflows\ci-cd.yml = .github\workflows\ci-cd.yml
	EndProjectSection
EndProject
Project("{2150E333-8FDC-42A3-9474-1A3956D46DE8}") = "Docs", "Docs", "{D6E7BDA2-06CC-4485-9970-BAD41120FE27}"
	ProjectSection(SolutionItems) = preProject
		README.md = README.md
	EndProjectSection
EndProject
Project("{FAE04EC0-301F-11D3-BF4B-00C04F79EFBC}") = "RelayPulse.RabbitMQ.Tests", "test\RelayPulse.RabbitMQ.Tests\RelayPulse.RabbitMQ.Tests.csproj", "{E10EE9ED-B59C-4759-A0F3-5FA6AFCB6BF1}"
EndProject
Project("{FAE04EC0-301F-11D3-BF4B-00C04F79EFBC}") = "RelayPulse.Core", "src\RelayPulse.Core\RelayPulse.Core.csproj", "{85540FB5-DC16-42AE-9AD7-4850D5CC2EAF}"
EndProject
Project("{FAE04EC0-301F-11D3-BF4B-00C04F79EFBC}") = "RelayPulse.RabbitMQ", "src\RelayPulse.RabbitMQ\RelayPulse.RabbitMQ.csproj", "{734F04B9-5D4D-4A96-B345-11155A7C75BC}"
EndProject
Project("{2150E333-8FDC-42A3-9474-1A3956D46DE8}") = "Samples", "Samples", "{D328CE41-DD6D-444C-BD13-B0AB2EDC661C}"
EndProject
Project("{FAE04EC0-301F-11D3-BF4B-00C04F79EFBC}") = "Samples.PublishExamples", "samples\Samples.PublishExamples\Samples.PublishExamples.csproj", "{3938B6B3-1808-4F4D-B7E9-DC9CBEE82976}"
EndProject
Global
	GlobalSection(SolutionConfigurationPlatforms) = preSolution
		Debug|Any CPU = Debug|Any CPU
		Release|Any CPU = Release|Any CPU
	EndGlobalSection
	GlobalSection(SolutionProperties) = preSolution
		HideSolutionNode = FALSE
	EndGlobalSection
	GlobalSection(ProjectConfigurationPlatforms) = postSolution
		{E10EE9ED-B59C-4759-A0F3-5FA6AFCB6BF1}.Debug|Any CPU.ActiveCfg = Debug|Any CPU
		{E10EE9ED-B59C-4759-A0F3-5FA6AFCB6BF1}.Debug|Any CPU.Build.0 = Debug|Any CPU
		{E10EE9ED-B59C-4759-A0F3-5FA6AFCB6BF1}.Release|Any CPU.ActiveCfg = Release|Any CPU
		{E10EE9ED-B59C-4759-A0F3-5FA6AFCB6BF1}.Release|Any CPU.Build.0 = Release|Any CPU
		{85540FB5-DC16-42AE-9AD7-4850D5CC2EAF}.Debug|Any CPU.ActiveCfg = Debug|Any CPU
		{85540FB5-DC16-42AE-9AD7-4850D5CC2EAF}.Debug|Any CPU.Build.0 = Debug|Any CPU
		{85540FB5-DC16-42AE-9AD7-4850D5CC2EAF}.Release|Any CPU.ActiveCfg = Release|Any CPU
		{85540FB5-DC16-42AE-9AD7-4850D5CC2EAF}.Release|Any CPU.Build.0 = Release|Any CPU
		{734F04B9-5D4D-4A96-B345-11155A7C75BC}.Debug|Any CPU.ActiveCfg = Debug|Any CPU
		{734F04B9-5D4D-4A96-B345-11155A7C75BC}.Debug|Any CPU.Build.0 = Debug|Any CPU
		{734F04B9-5D4D-4A96-B345-11155A7C75BC}.Release|Any CPU.ActiveCfg = Release|Any CPU
		{734F04B9-5D4D-4A96-B345-11155A7C75BC}.Release|Any CPU.Build.0 = Release|Any CPU
		{3938B6B3-1808-4F4D-B7E9-DC9CBEE82976}.Debug|Any CPU.ActiveCfg = Debug|Any CPU
		{3938B6B3-1808-4F4D-B7E9-DC9CBEE82976}.Debug|Any CPU.Build.0 = Debug|Any CPU
		{3938B6B3-1808-4F4D-B7E9-DC9CBEE82976}.Release|Any CPU.ActiveCfg = Release|Any CPU
		{3938B6B3-1808-4F4D-B7E9-DC9CBEE82976}.Release|Any CPU.Build.0 = Release|Any CPU
	EndGlobalSection
	GlobalSection(NestedProjects) = preSolution
		{3938B6B3-1808-4F4D-B7E9-DC9CBEE82976} = {D328CE41-DD6D-444C-BD13-B0AB2EDC661C}
	EndGlobalSection
EndGlobal
